
Microsoft Visual Studio Solution File, Format Version 12.00
# Visual Studio Version 17
VisualStudioVersion = 17.6.33815.320
MinimumVisualStudioVersion = 10.0.40219.1
Project("{8BC9CEB8-8B4A-11D0-8D11-00A0C91BC942}") = "Gym", "BaiTap4.vcxproj", "{E93A7D04-AE64-4AF5-92D4-43B144E07B81}"
EndProject
Global
	GlobalSection(SolutionConfigurationPlatforms) = preSolution
		Debug|x64 = Debug|x64
		Debug|x86 = Debug|x86
		Release|x64 = Release|x64
		Release|x86 = Release|x86
	EndGlobalSection
	GlobalSection(ProjectConfigurationPlatforms) = postSolution
		{E93A7D04-AE64-4AF5-92D4-43B144E07B81}.Debug|x64.ActiveCfg = Debug|x64
		{E93A7D04-AE64-4AF5-92D4-43B144E07B81}.Debug|x64.Build.0 = Debug|x64
		{E93A7D04-AE64-4AF5-92D4-43B144E07B81}.Debug|x86.ActiveCfg = Debug|Win32
		{E93A7D04-AE64-4AF5-92D4-43B144E07B81}.Debug|x86.Build.0 = Debug|Win32
		{E93A7D04-AE64-4AF5-92D4-43B144E07B81}.Release|x64.ActiveCfg = Release|x64
		{E93A7D04-AE64-4AF5-92D4-43B144E07B81}.Release|x64.Build.0 = Release|x64
		{E93A7D04-AE64-4AF5-92D4-43B144E07B81}.Release|x86.ActiveCfg = Release|Win32
		{E93A7D04-AE64-4AF5-92D4-43B144E07B81}.Release|x86.Build.0 = Release|Win32
	EndGlobalSection
	GlobalSection(SolutionProperties) = preSolution
		HideSolutionNode = FALSE
	EndGlobalSection
	GlobalSection(ExtensibilityGlobals) = postSolution
		SolutionGuid = {192B8818-ACAB-4F2C-A292-6B72EEACAAD3}
	EndGlobalSection
EndGlobal
